
Microsoft Visual Studio Solution File, Format Version 12.00
# Visual Studio 2012
Project("{FAE04EC0-301F-11D3-BF4B-00C04F79EFBC}") = "Server", "Server\Server.csproj", "{10BDA9EB-E830-4077-B887-7480B11ADDC3}"
EndProject
Project("{FAE04EC0-301F-11D3-BF4B-00C04F79EFBC}") = "Client", "Client\Client.csproj", "{F16CC98F-2A46-4216-AB21-85A4B4056A94}"
EndProject
Project("{FAE04EC0-301F-11D3-BF4B-00C04F79EFBC}") = "Communication", "Communication\Communication.csproj", "{F25FDA40-7228-4345-ABD2-0D95BF0C4E17}"
EndProject
Global
	GlobalSection(SolutionConfigurationPlatforms) = preSolution
		Debug|x86 = Debug|x86
		Release|x86 = Release|x86
	EndGlobalSection
	GlobalSection(ProjectConfigurationPlatforms) = postSolution
		{10BDA9EB-E830-4077-B887-7480B11ADDC3}.Debug|x86.ActiveCfg = Debug|x86
		{10BDA9EB-E830-4077-B887-7480B11ADDC3}.Debug|x86.Build.0 = Debug|x86
		{10BDA9EB-E830-4077-B887-7480B11ADDC3}.Release|x86.ActiveCfg = Release|x86
		{10BDA9EB-E830-4077-B887-7480B11ADDC3}.Release|x86.Build.0 = Release|x86
		{F16CC98F-2A46-4216-AB21-85A4B4056A94}.Debug|x86.ActiveCfg = Debug|x86
		{F16CC98F-2A46-4216-AB21-85A4B4056A94}.Debug|x86.Build.0 = Debug|x86
		{F16CC98F-2A46-4216-AB21-85A4B4056A94}.Release|x86.ActiveCfg = Release|x86
		{F16CC98F-2A46-4216-AB21-85A4B4056A94}.Release|x86.Build.0 = Release|x86
		{F25FDA40-7228-4345-ABD2-0D95BF0C4E17}.Debug|x86.ActiveCfg = Debug|Any CPU
		{F25FDA40-7228-4345-ABD2-0D95BF0C4E17}.Debug|x86.Build.0 = Debug|Any CPU
		{F25FDA40-7228-4345-ABD2-0D95BF0C4E17}.Release|x86.ActiveCfg = Release|Any CPU
		{F25FDA40-7228-4345-ABD2-0D95BF0C4E17}.Release|x86.Build.0 = Release|Any CPU
	EndGlobalSection
EndGlobal
